// !$*UTF8*$!
{
	archiveVersion = 1;
	classes = {
	};
	objectVersion = 50;
	objects = {

/* Begin PBXBuildFile section */
		B322683F6EB85FF4BC9A3FBA /* Pods_Uzzers.framework in Frameworks */ = {isa = PBXBuildFile; fileRef = F662E4A13CD545025CCC0B32 /* Pods_Uzzers.framework */; };
		D700909E21B9A0FC00BCF9B4 /* AddUserViewController.swift in Sources */ = {isa = PBXBuildFile; fileRef = D700909D21B9A0FC00BCF9B4 /* AddUserViewController.swift */; };
		D74DF57821B84C300073B3F9 /* AppDelegate.swift in Sources */ = {isa = PBXBuildFile; fileRef = D74DF57721B84C300073B3F9 /* AppDelegate.swift */; };
		D74DF57A21B84C300073B3F9 /* UserListViewController.swift in Sources */ = {isa = PBXBuildFile; fileRef = D74DF57921B84C300073B3F9 /* UserListViewController.swift */; };
		D74DF57D21B84C300073B3F9 /* Main.storyboard in Resources */ = {isa = PBXBuildFile; fileRef = D74DF57B21B84C300073B3F9 /* Main.storyboard */; };
		D74DF57F21B84C430073B3F9 /* Assets.xcassets in Resources */ = {isa = PBXBuildFile; fileRef = D74DF57E21B84C430073B3F9 /* Assets.xcassets */; };
		D74DF58221B84C430073B3F9 /* LaunchScreen.storyboard in Resources */ = {isa = PBXBuildFile; fileRef = D74DF58021B84C430073B3F9 /* LaunchScreen.storyboard */; };
		D74DF58B21B850590073B3F9 /* User.swift in Sources */ = {isa = PBXBuildFile; fileRef = D74DF58A21B850590073B3F9 /* User.swift */; };
		D74DF58D21B8506B0073B3F9 /* EmailAddress.swift in Sources */ = {isa = PBXBuildFile; fileRef = D74DF58C21B8506B0073B3F9 /* EmailAddress.swift */; };
/* End PBXBuildFile section */

/* Begin PBXFileReference section */
		2FE116324BA4B5766F47495E /* Pods-Uzzers.debug.xcconfig */ = {isa = PBXFileReference; includeInIndex = 1; lastKnownFileType = text.xcconfig; name = "Pods-Uzzers.debug.xcconfig"; path = "Pods/Target Support Files/Pods-Uzzers/Pods-Uzzers.debug.xcconfig"; sourceTree = "<group>"; };
		D34C0A96AD4DA5CA13317F80 /* Pods-Uzzers.release.xcconfig */ = {isa = PBXFileReference; includeInIndex = 1; lastKnownFileType = text.xcconfig; name = "Pods-Uzzers.release.xcconfig"; path = "Pods/Target Support Files/Pods-Uzzers/Pods-Uzzers.release.xcconfig"; sourceTree = "<group>"; };
		D700909D21B9A0FC00BCF9B4 /* AddUserViewController.swift */ = {isa = PBXFileReference; lastKnownFileType = sourcecode.swift; path = AddUserViewController.swift; sourceTree = "<group>"; };
		D74DF57421B84C300073B3F9 /* Uzzers.app */ = {isa = PBXFileReference; explicitFileType = wrapper.application; includeInIndex = 0; path = Uzzers.app; sourceTree = BUILT_PRODUCTS_DIR; };
		D74DF57721B84C300073B3F9 /* AppDelegate.swift */ = {isa = PBXFileReference; lastKnownFileType = sourcecode.swift; path = AppDelegate.swift; sourceTree = "<group>"; };
		D74DF57921B84C300073B3F9 /* UserListViewController.swift */ = {isa = PBXFileReference; lastKnownFileType = sourcecode.swift; path = UserListViewController.swift; sourceTree = "<group>"; };
		D74DF57C21B84C300073B3F9 /* Base */ = {isa = PBXFileReference; lastKnownFileType = file.storyboard; name = Base; path = Base.lproj/Main.storyboard; sourceTree = "<group>"; };
		D74DF57E21B84C430073B3F9 /* Assets.xcassets */ = {isa = PBXFileReference; lastKnownFileType = folder.assetcatalog; path = Assets.xcassets; sourceTree = "<group>"; };
		D74DF58121B84C430073B3F9 /* Base */ = {isa = PBXFileReference; lastKnownFileType = file.storyboard; name = Base; path = Base.lproj/LaunchScreen.storyboard; sourceTree = "<group>"; };
		D74DF58321B84C430073B3F9 /* Info.plist */ = {isa = PBXFileReference; lastKnownFileType = text.plist.xml; path = Info.plist; sourceTree = "<group>"; };
		D74DF58A21B850590073B3F9 /* User.swift */ = {isa = PBXFileReference; lastKnownFileType = sourcecode.swift; path = User.swift; sourceTree = "<group>"; };
		D74DF58C21B8506B0073B3F9 /* EmailAddress.swift */ = {isa = PBXFileReference; lastKnownFileType = sourcecode.swift; path = EmailAddress.swift; sourceTree = "<group>"; };
		F662E4A13CD545025CCC0B32 /* Pods_Uzzers.framework */ = {isa = PBXFileReference; explicitFileType = wrapper.framework; includeInIndex = 0; path = Pods_Uzzers.framework; sourceTree = BUILT_PRODUCTS_DIR; };
/* End PBXFileReference section */

/* Begin PBXFrameworksBuildPhase section */
		D74DF57121B84C300073B3F9 /* Frameworks */ = {
			isa = PBXFrameworksBuildPhase;
			buildActionMask = 2147483647;
			files = (
				B322683F6EB85FF4BC9A3FBA /* Pods_Uzzers.framework in Frameworks */,
			);
			runOnlyForDeploymentPostprocessing = 0;
		};
/* End PBXFrameworksBuildPhase section */

/* Begin PBXGroup section */
		66BA218DF3FBF12D458674D5 /* Pods */ = {
			isa = PBXGroup;
			children = (
				2FE116324BA4B5766F47495E /* Pods-Uzzers.debug.xcconfig */,
				D34C0A96AD4DA5CA13317F80 /* Pods-Uzzers.release.xcconfig */,
			);
			name = Pods;
			sourceTree = "<group>";
		};
		D700909C21B9A0DA00BCF9B4 /* ViewControllers */ = {
			isa = PBXGroup;
			children = (
				D74DF57921B84C300073B3F9 /* UserListViewController.swift */,
				D700909D21B9A0FC00BCF9B4 /* AddUserViewController.swift */,
			);
			path = ViewControllers;
			sourceTree = "<group>";
		};
		D74DF56B21B84C2F0073B3F9 = {
			isa = PBXGroup;
			children = (
				D74DF57621B84C300073B3F9 /* Uzzers */,
				D74DF57521B84C300073B3F9 /* Products */,
				66BA218DF3FBF12D458674D5 /* Pods */,
				DBAB3BFFEA1A8105C40EA68B /* Frameworks */,
			);
			sourceTree = "<group>";
		};
		D74DF57521B84C300073B3F9 /* Products */ = {
			isa = PBXGroup;
			children = (
				D74DF57421B84C300073B3F9 /* Uzzers.app */,
			);
			name = Products;
			sourceTree = "<group>";
		};
		D74DF57621B84C300073B3F9 /* Uzzers */ = {
			isa = PBXGroup;
			children = (
				D700909C21B9A0DA00BCF9B4 /* ViewControllers */,
				D74DF58921B8503B0073B3F9 /* Model */,
				D74DF57721B84C300073B3F9 /* AppDelegate.swift */,
				D74DF57B21B84C300073B3F9 /* Main.storyboard */,
				D74DF57E21B84C430073B3F9 /* Assets.xcassets */,
				D74DF58021B84C430073B3F9 /* LaunchScreen.storyboard */,
				D74DF58321B84C430073B3F9 /* Info.plist */,
			);
			path = Uzzers;
			sourceTree = "<group>";
		};
		D74DF58921B8503B0073B3F9 /* Model */ = {
			isa = PBXGroup;
			children = (
				D74DF58A21B850590073B3F9 /* User.swift */,
				D74DF58C21B8506B0073B3F9 /* EmailAddress.swift */,
			);
			path = Model;
			sourceTree = "<group>";
		};
		DBAB3BFFEA1A8105C40EA68B /* Frameworks */ = {
			isa = PBXGroup;
			children = (
				F662E4A13CD545025CCC0B32 /* Pods_Uzzers.framework */,
			);
			name = Frameworks;
			sourceTree = "<group>";
		};
/* End PBXGroup section */

/* Begin PBXNativeTarget section */
		D74DF57321B84C300073B3F9 /* Uzzers */ = {
			isa = PBXNativeTarget;
			buildConfigurationList = D74DF58621B84C430073B3F9 /* Build configuration list for PBXNativeTarget "Uzzers" */;
			buildPhases = (
				5ABA6A927FE750DEED38D7B0 /* [CP] Check Pods Manifest.lock */,
				D74DF57021B84C300073B3F9 /* Sources */,
				D74DF57121B84C300073B3F9 /* Frameworks */,
				D74DF57221B84C300073B3F9 /* Resources */,
				BEAE8601693E2AD684853F09 /* [CP] Embed Pods Frameworks */,
			);
			buildRules = (
			);
			dependencies = (
			);
			name = Uzzers;
			productName = Uzzers;
			productReference = D74DF57421B84C300073B3F9 /* Uzzers.app */;
			productType = "com.apple.product-type.application";
		};
/* End PBXNativeTarget section */

/* Begin PBXProject section */
		D74DF56C21B84C2F0073B3F9 /* Project object */ = {
			isa = PBXProject;
			attributes = {
				LastSwiftUpdateCheck = 1010;
				LastUpgradeCheck = 1010;
				ORGANIZATIONNAME = "Kiss Rudolf Zsolt";
				TargetAttributes = {
					D74DF57321B84C300073B3F9 = {
						CreatedOnToolsVersion = 10.1;
					};
				};
			};
			buildConfigurationList = D74DF56F21B84C2F0073B3F9 /* Build configuration list for PBXProject "Uzzers" */;
			compatibilityVersion = "Xcode 9.3";
			developmentRegion = en;
			hasScannedForEncodings = 0;
			knownRegions = (
				en,
				Base,
			);
			mainGroup = D74DF56B21B84C2F0073B3F9;
			productRefGroup = D74DF57521B84C300073B3F9 /* Products */;
			projectDirPath = "";
			projectRoot = "";
			targets = (
				D74DF57321B84C300073B3F9 /* Uzzers */,
			);
		};
/* End PBXProject section */

/* Begin PBXResourcesBuildPhase section */
		D74DF57221B84C300073B3F9 /* Resources */ = {
			isa = PBXResourcesBuildPhase;
			buildActionMask = 2147483647;
			files = (
				D74DF58221B84C430073B3F9 /* LaunchScreen.storyboard in Resources */,
				D74DF57F21B84C430073B3F9 /* Assets.xcassets in Resources */,
				D74DF57D21B84C300073B3F9 /* Main.storyboard in Resources */,
			);
			runOnlyForDeploymentPostprocessing = 0;
		};
/* End PBXResourcesBuildPhase section */

/* Begin PBXShellScriptBuildPhase section */
		5ABA6A927FE750DEED38D7B0 /* [CP] Check Pods Manifest.lock */ = {
			isa = PBXShellScriptBuildPhase;
			buildActionMask = 2147483647;
			files = (
			);
			inputFileListPaths = (
			);
			inputPaths = (
				"${PODS_PODFILE_DIR_PATH}/Podfile.lock",
				"${PODS_ROOT}/Manifest.lock",
			);
			name = "[CP] Check Pods Manifest.lock";
			outputFileListPaths = (
			);
			outputPaths = (
				"$(DERIVED_FILE_DIR)/Pods-Uzzers-checkManifestLockResult.txt",
			);
			runOnlyForDeploymentPostprocessing = 0;
			shellPath = /bin/sh;
			shellScript = "diff \"${PODS_PODFILE_DIR_PATH}/Podfile.lock\" \"${PODS_ROOT}/Manifest.lock\" > /dev/null\nif [ $? != 0 ] ; then\n    # print error to STDERR\n    echo \"error: The sandbox is not in sync with the Podfile.lock. Run 'pod install' or update your CocoaPods installation.\" >&2\n    exit 1\nfi\n# This output is used by Xcode 'outputs' to avoid re-running this script phase.\necho \"SUCCESS\" > \"${SCRIPT_OUTPUT_FILE_0}\"\n";
			showEnvVarsInLog = 0;
		};
		BEAE8601693E2AD684853F09 /* [CP] Embed Pods Frameworks */ = {
			isa = PBXShellScriptBuildPhase;
			buildActionMask = 2147483647;
			files = (
			);
			inputFileListPaths = (
			);
			inputPaths = (
				"${SRCROOT}/Pods/Target Support Files/Pods-Uzzers/Pods-Uzzers-frameworks.sh",
				"${BUILT_PRODUCTS_DIR}/Eureka/Eureka.framework",
				"${BUILT_PRODUCTS_DIR}/Realm/Realm.framework",
				"${BUILT_PRODUCTS_DIR}/RealmSwift/RealmSwift.framework",
			);
			name = "[CP] Embed Pods Frameworks";
			outputFileListPaths = (
			);
			outputPaths = (
				"${TARGET_BUILD_DIR}/${FRAMEWORKS_FOLDER_PATH}/Eureka.framework",
				"${TARGET_BUILD_DIR}/${FRAMEWORKS_FOLDER_PATH}/Realm.framework",
				"${TARGET_BUILD_DIR}/${FRAMEWORKS_FOLDER_PATH}/RealmSwift.framework",
			);
			runOnlyForDeploymentPostprocessing = 0;
			shellPath = /bin/sh;
			shellScript = "\"${SRCROOT}/Pods/Target Support Files/Pods-Uzzers/Pods-Uzzers-frameworks.sh\"\n";
			showEnvVarsInLog = 0;
		};
/* End PBXShellScriptBuildPhase section */

/* Begin PBXSourcesBuildPhase section */
		D74DF57021B84C300073B3F9 /* Sources */ = {
			isa = PBXSourcesBuildPhase;
			buildActionMask = 2147483647;
			files = (
				D700909E21B9A0FC00BCF9B4 /* AddUserViewController.swift in Sources */,
				D74DF57A21B84C300073B3F9 /* UserListViewController.swift in Sources */,
				D74DF57821B84C300073B3F9 /* AppDelegate.swift in Sources */,
				D74DF58B21B850590073B3F9 /* User.swift in Sources */,
				D74DF58D21B8506B0073B3F9 /* EmailAddress.swift in Sources */,
			);
			runOnlyForDeploymentPostprocessing = 0;
		};
/* End PBXSourcesBuildPhase section */

/* Begin PBXVariantGroup section */
		D74DF57B21B84C300073B3F9 /* Main.storyboard */ = {
			isa = PBXVariantGroup;
			children = (
				D74DF57C21B84C300073B3F9 /* Base */,
			);
			name = Main.storyboard;
			sourceTree = "<group>";
		};
		D74DF58021B84C430073B3F9 /* LaunchScreen.storyboard */ = {
			isa = PBXVariantGroup;
			children = (
				D74DF58121B84C430073B3F9 /* Base */,
			);
			name = LaunchScreen.storyboard;
			sourceTree = "<group>";
		};
/* End PBXVariantGroup section */

/* Begin XCBuildConfiguration section */
		D74DF58421B84C430073B3F9 /* Debug */ = {
			isa = XCBuildConfiguration;
			buildSettings = {
				ALWAYS_SEARCH_USER_PATHS = NO;
				CLANG_ANALYZER_NONNULL = YES;
				CLANG_ANALYZER_NUMBER_OBJECT_CONVERSION = YES_AGGRESSIVE;
				CLANG_CXX_LANGUAGE_STANDARD = "gnu++14";
				CLANG_CXX_LIBRARY = "libc++";
				CLANG_ENABLE_MODULES = YES;
				CLANG_ENABLE_OBJC_ARC = YES;
				CLANG_ENABLE_OBJC_WEAK = YES;
				CLANG_WARN_BLOCK_CAPTURE_AUTORELEASING = YES;
				CLANG_WARN_BOOL_CONVERSION = YES;
				CLANG_WARN_COMMA = YES;
				CLANG_WARN_CONSTANT_CONVERSION = YES;
				CLANG_WARN_DEPRECATED_OBJC_IMPLEMENTATIONS = YES;
				CLANG_WARN_DIRECT_OBJC_ISA_USAGE = YES_ERROR;
				CLANG_WARN_DOCUMENTATION_COMMENTS = YES;
				CLANG_WARN_EMPTY_BODY = YES;
				CLANG_WARN_ENUM_CONVERSION = YES;
				CLANG_WARN_INFINITE_RECURSION = YES;
				CLANG_WARN_INT_CONVERSION = YES;
				CLANG_WARN_NON_LITERAL_NULL_CONVERSION = YES;
				CLANG_WARN_OBJC_IMPLICIT_RETAIN_SELF = YES;
				CLANG_WARN_OBJC_LITERAL_CONVERSION = YES;
				CLANG_WARN_OBJC_ROOT_CLASS = YES_ERROR;
				CLANG_WARN_RANGE_LOOP_ANALYSIS = YES;
				CLANG_WARN_STRICT_PROTOTYPES = YES;
				CLANG_WARN_SUSPICIOUS_MOVE = YES;
				CLANG_WARN_UNGUARDED_AVAILABILITY = YES_AGGRESSIVE;
				CLANG_WARN_UNREACHABLE_CODE = YES;
				CLANG_WARN__DUPLICATE_METHOD_MATCH = YES;
				CODE_SIGN_IDENTITY = "iPhone Developer";
				COPY_PHASE_STRIP = NO;
				DEBUG_INFORMATION_FORMAT = dwarf;
				ENABLE_STRICT_OBJC_MSGSEND = YES;
				ENABLE_TESTABILITY = YES;
				GCC_C_LANGUAGE_STANDARD = gnu11;
				GCC_DYNAMIC_NO_PIC = NO;
				GCC_NO_COMMON_BLOCKS = YES;
				GCC_OPTIMIZATION_LEVEL = 0;
				GCC_PREPROCESSOR_DEFINITIONS = (
					"DEBUG=1",
					"$(inherited)",
				);
				GCC_WARN_64_TO_32_BIT_CONVERSION = YES;
				GCC_WARN_ABOUT_RETURN_TYPE = YES_ERROR;
				GCC_WARN_UNDECLARED_SELECTOR = YES;
				GCC_WARN_UNINITIALIZED_AUTOS = YES_AGGRESSIVE;
				GCC_WARN_UNUSED_FUNCTION = YES;
				GCC_WARN_UNUSED_VARIABLE = YES;
				IPHONEOS_DEPLOYMENT_TARGET = 12.1;
				MTL_ENABLE_DEBUG_INFO = INCLUDE_SOURCE;
				MTL_FAST_MATH = YES;
				ONLY_ACTIVE_ARCH = YES;
				SDKROOT = iphoneos;
				SWIFT_ACTIVE_COMPILATION_CONDITIONS = DEBUG;
				SWIFT_OPTIMIZATION_LEVEL = "-Onone";
			};
			name = Debug;
		};
		D74DF58521B84C430073B3F9 /* Release */ = {
			isa = XCBuildConfiguration;
			buildSettings = {
				ALWAYS_SEARCH_USER_PATHS = NO;
				CLANG_ANALYZER_NONNULL = YES;
				CLANG_ANALYZER_NUMBER_OBJECT_CONVERSION = YES_AGGRESSIVE;
				CLANG_CXX_LANGUAGE_STANDARD = "gnu++14";
				CLANG_CXX_LIBRARY = "libc++";
				CLANG_ENABLE_MODULES = YES;
				CLANG_ENABLE_OBJC_ARC = YES;
				CLANG_ENABLE_OBJC_WEAK = YES;
				CLANG_WARN_BLOCK_CAPTURE_AUTORELEASING = YES;
				CLANG_WARN_BOOL_CONVERSION = YES;
				CLANG_WARN_COMMA = YES;
				CLANG_WARN_CONSTANT_CONVERSION = YES;
				CLANG_WARN_DEPRECATED_OBJC_IMPLEMENTATIONS = YES;
				CLANG_WARN_DIRECT_OBJC_ISA_USAGE = YES_ERROR;
				CLANG_WARN_DOCUMENTATION_COMMENTS = YES;
				CLANG_WARN_EMPTY_BODY = YES;
				CLANG_WARN_ENUM_CONVERSION = YES;
				CLANG_WARN_INFINITE_RECURSION = YES;
				CLANG_WARN_INT_CONVERSION = YES;
				CLANG_WARN_NON_LITERAL_NULL_CONVERSION = YES;
				CLANG_WARN_OBJC_IMPLICIT_RETAIN_SELF = YES;
				CLANG_WARN_OBJC_LITERAL_CONVERSION = YES;
				CLANG_WARN_OBJC_ROOT_CLASS = YES_ERROR;
				CLANG_WARN_RANGE_LOOP_ANALYSIS = YES;
				CLANG_WARN_STRICT_PROTOTYPES = YES;
				CLANG_WARN_SUSPICIOUS_MOVE = YES;
				CLANG_WARN_UNGUARDED_AVAILABILITY = YES_AGGRESSIVE;
				CLANG_WARN_UNREACHABLE_CODE = YES;
				CLANG_WARN__DUPLICATE_METHOD_MATCH = YES;
				CODE_SIGN_IDENTITY = "iPhone Developer";
				COPY_PHASE_STRIP = NO;
				DEBUG_INFORMATION_FORMAT = "dwarf-with-dsym";
				ENABLE_NS_ASSERTIONS = NO;
				ENABLE_STRICT_OBJC_MSGSEND = YES;
				GCC_C_LANGUAGE_STANDARD = gnu11;
				GCC_NO_COMMON_BLOCKS = YES;
				GCC_WARN_64_TO_32_BIT_CONVERSION = YES;
				GCC_WARN_ABOUT_RETURN_TYPE = YES_ERROR;
				GCC_WARN_UNDECLARED_SELECTOR = YES;
				GCC_WARN_UNINITIALIZED_AUTOS = YES_AGGRESSIVE;
				GCC_WARN_UNUSED_FUNCTION = YES;
				GCC_WARN_UNUSED_VARIABLE = YES;
				IPHONEOS_DEPLOYMENT_TARGET = 12.1;
				MTL_ENABLE_DEBUG_INFO = NO;
				MTL_FAST_MATH = YES;
				SDKROOT = iphoneos;
				SWIFT_COMPILATION_MODE = wholemodule;
				SWIFT_OPTIMIZATION_LEVEL = "-O";
				VALIDATE_PRODUCT = YES;
			};
			name = Release;
		};
		D74DF58721B84C430073B3F9 /* Debug */ = {
			isa = XCBuildConfiguration;
			baseConfigurationReference = 2FE116324BA4B5766F47495E /* Pods-Uzzers.debug.xcconfig */;
			buildSettings = {
				ASSETCATALOG_COMPILER_APPICON_NAME = AppIcon;
				CODE_SIGN_STYLE = Automatic;
				DEVELOPMENT_TEAM = 7G2U4UHT33;
				INFOPLIST_FILE = Uzzers/Info.plist;
				LD_RUNPATH_SEARCH_PATHS = (
					"$(inherited)",
					"@executable_path/Frameworks",
				);
				PRODUCT_BUNDLE_IDENTIFIER = hu.zsoltkiss.Uzzers;
				PRODUCT_NAME = "$(TARGET_NAME)";
				SWIFT_VERSION = 4.2;
				TARGETED_DEVICE_FAMILY = "1,2";
			};
			name = Debug;
		};
		D74DF58821B84C430073B3F9 /* Release */ = {
			isa = XCBuildConfiguration;
			baseConfigurationReference = D34C0A96AD4DA5CA13317F80 /* Pods-Uzzers.release.xcconfig */;
			buildSettings = {
				ASSETCATALOG_COMPILER_APPICON_NAME = AppIcon;
				CODE_SIGN_STYLE = Automatic;
				DEVELOPMENT_TEAM = 7G2U4UHT33;
				INFOPLIST_FILE = Uzzers/Info.plist;
				LD_RUNPATH_SEARCH_PATHS = (
					"$(inherited)",
					"@executable_path/Frameworks",
				);
				PRODUCT_BUNDLE_IDENTIFIER = hu.zsoltkiss.Uzzers;
				PRODUCT_NAME = "$(TARGET_NAME)";
				SWIFT_VERSION = 4.2;
				TARGETED_DEVICE_FAMILY = "1,2";
			};
			name = Release;
		};
/* End XCBuildConfiguration section */

/* Begin XCConfigurationList section */
		D74DF56F21B84C2F0073B3F9 /* Build configuration list for PBXProject "Uzzers" */ = {
			isa = XCConfigurationList;
			buildConfigurations = (
				D74DF58421B84C430073B3F9 /* Debug */,
				D74DF58521B84C430073B3F9 /* Release */,
			);
			defaultConfigurationIsVisible = 0;
			defaultConfigurationName = Release;
		};
		D74DF58621B84C430073B3F9 /* Build configuration list for PBXNativeTarget "Uzzers" */ = {
			isa = XCConfigurationList;
			buildConfigurations = (
				D74DF58721B84C430073B3F9 /* Debug */,
				D74DF58821B84C430073B3F9 /* Release */,
			);
			defaultConfigurationIsVisible = 0;
			defaultConfigurationName = Release;
		};
/* End XCConfigurationList section */
	};
	rootObject = D74DF56C21B84C2F0073B3F9 /* Project object */;
}
